{
  "version": 4,
  "terraform_version": "1.14.8",
  "serial": 22,
  "lineage": "27a1c76f-ca13-c41a-11f4-67a10f8deec9",
  "outputs": {},
  "resources": [
    {
      "mode": "data",
      "type": "archive_file",
      "name": "lambda_zip",
      "provider": "provider[\"registry.terraform.io/hashicorp/archive\"]",
      "instances": [
        {
          "schema_version": 0,
          "attributes": {
            "exclude_symlink_directories": null,
            "excludes": null,
            "id": "0a5b2c8bf81125f1c15f749383b93ffc293b4720",
            "output_base64sha256": "uhmGu4btiM4KSOX/15UTVaiwqfyILXRRRMIVg1fCuZA=",
            "output_base64sha512": "rnSlEU+ytQfxxLWYwszqqoq+WPmiP93ehLn1zqjxRgv9yeX1Xf61lrL7T/7ysm8nNr/AF5oZ3bQo7Z3GYx7Nag==",
            "output_file_mode": null,
            "output_md5": "b9604acd93f56171b8dd4da9c8414aa4",
            "output_path": "./../config-rules/evaluate_compliance.zip",
            "output_sha": "0a5b2c8bf81125f1c15f749383b93ffc293b4720",
            "output_sha256": "ba1986bb86ed88ce0a48e5ffd7951355a8b0a9fc882d745144c2158357c2b990",
            "output_sha512": "ae74a5114fb2b507f1c4b598c2cceaaa8abe58f9a23fddde84b9f5cea8f1460bfdc9e5f55dfeb596b2fb4ffef2b26f2736bfc0179a19ddb428ed9dc6631ecd6a",
            "output_size": 980,
            "source": [],
            "source_content": null,
            "source_content_filename": null,
            "source_dir": null,
            "source_file": "./../config-rules/evaluate_compliance.py",
            "type": "zip"
          },
          "sensitive_attributes": [],
          "identity_schema_version": 0
        }
      ]
    },
    {
      "mode": "managed",
      "type": "aws_config_config_rule",
      "name": "compliance_rule",
      "provider": "provider[\"registry.terraform.io/hashicorp/aws\"]",
      "instances": [
        {
          "schema_version": 0,
          "attributes": {
            "arn": "arn:aws:config:us-east-1:501578625134:config-rule/config-rule-mx5pkh",
            "description": "",
            "evaluation_mode": [
              {
                "mode": "DETECTIVE"
              }
            ],
            "id": "compliance-pipeline-rule",
            "input_parameters": "",
            "maximum_execution_frequency": "",
            "name": "compliance-pipeline-rule",
            "rule_id": "config-rule-mx5pkh",
            "scope": [],
            "source": [
              {
                "custom_policy_details": [],
                "owner": "CUSTOM_LAMBDA",
                "source_detail": [
                  {
                    "event_source": "aws.config",
                    "maximum_execution_frequency": "",
                    "message_type": "ConfigurationItemChangeNotification"
                  }
                ],
                "source_identifier": "arn:aws:lambda:us-east-1:501578625134:function:compliance-pipeline-evaluator"
              }
            ],
            "tags": null,
            "tags_all": {}
          },
          "sensitive_attributes": [],
          "identity_schema_version": 0,
          "private": "bnVsbA==",
          "dependencies": [
            "aws_config_configuration_recorder.main",
            "aws_config_configuration_recorder_status.main",
            "aws_config_delivery_channel.main",
            "aws_iam_role.config_role",
            "aws_iam_role.lambda_role",
            "aws_lambda_function.compliance_evaluator",
            "aws_lambda_permission.config_invoke",
            "aws_s3_bucket.config_bucket",
            "data.archive_file.lambda_zip"
          ]
        }
      ]
    },
    {
      "mode": "managed",
      "type": "aws_config_configuration_recorder",
      "name": "main",
      "provider": "provider[\"registry.terraform.io/hashicorp/aws\"]",
      "instances": [
        {
          "schema_version": 0,
          "attributes": {
            "id": "compliance-pipeline-recorder",
            "name": "compliance-pipeline-recorder",
            "recording_group": [
              {
                "all_supported": false,
                "exclusion_by_resource_types": [
                  {
                    "resource_types": []
                  }
                ],
                "include_global_resource_types": false,
                "recording_strategy": [
                  {
                    "use_only": "INCLUSION_BY_RESOURCE_TYPES"
                  }
                ],
                "resource_types": [
                  "AWS::EC2::SecurityGroup",
                  "AWS::IAM::User",
                  "AWS::S3::Bucket"
                ]
              }
            ],
            "recording_mode": [
              {
                "recording_frequency": "CONTINUOUS",
                "recording_mode_override": []
              }
            ],
            "role_arn": "arn:aws:iam::501578625134:role/compliance-pipeline-config-role"
          },
          "sensitive_attributes": [],
          "identity_schema_version": 0,
          "private": "bnVsbA==",
          "dependencies": [
            "aws_iam_role.config_role"
          ]
        }
      ]
    },
    {
      "mode": "managed",
      "type": "aws_config_configuration_recorder_status",
      "name": "main",
      "provider": "provider[\"registry.terraform.io/hashicorp/aws\"]",
      "instances": [
        {
          "schema_version": 0,
          "attributes": {
            "id": "compliance-pipeline-recorder",
            "is_enabled": true,
            "name": "compliance-pipeline-recorder"
          },
          "sensitive_attributes": [],
          "identity_schema_version": 0,
          "private": "bnVsbA==",
          "dependencies": [
            "aws_config_configuration_recorder.main",
            "aws_config_delivery_channel.main",
            "aws_iam_role.config_role",
            "aws_s3_bucket.config_bucket"
          ]
        }
      ]
    },
    {
      "mode": "managed",
      "type": "aws_config_delivery_channel",
      "name": "main",
      "provider": "provider[\"registry.terraform.io/hashicorp/aws\"]",
      "instances": [
        {
          "schema_version": 0,
          "attributes": {
            "id": "compliance-pipeline-delivery",
            "name": "compliance-pipeline-delivery",
            "s3_bucket_name": "compliance-pipeline-config-501578625134",
            "s3_key_prefix": "",
            "s3_kms_key_arn": "",
            "snapshot_delivery_properties": [],
            "sns_topic_arn": ""
          },
          "sensitive_attributes": [],
          "identity_schema_version": 0,
          "private": "bnVsbA==",
          "dependencies": [
            "aws_config_configuration_recorder.main",
            "aws_iam_role.config_role",
            "aws_s3_bucket.config_bucket"
          ]
        }
      ]
    },
    {
      "mode": "managed",
      "type": "aws_iam_role",
      "name": "config_role",
      "provider": "provider[\"registry.terraform.io/hashicorp/aws\"]",
      "instances": [
        {
          "schema_version": 0,
          "attributes": {
            "arn": "arn:aws:iam::501578625134:role/compliance-pipeline-config-role",
            "assume_role_policy": "{\"Statement\":[{\"Action\":\"sts:AssumeRole\",\"Effect\":\"Allow\",\"Principal\":{\"Service\":\"config.amazonaws.com\"}}],\"Version\":\"2012-10-17\"}",
            "create_date": "2026-04-13T17:55:42Z",
            "description": "",
            "force_detach_policies": false,
            "id": "compliance-pipeline-config-role",
            "inline_policy": [],
            "managed_policy_arns": [
              "arn:aws:iam::aws:policy/service-role/AWS_ConfigRole"
            ],
            "max_session_duration": 3600,
            "name": "compliance-pipeline-config-role",
            "name_prefix": "",
            "path": "/",
            "permissions_boundary": "",
            "tags": {},
            "tags_all": {},
            "unique_id": "AROAXJSDKOBXD4EBDGCUA"
          },
          "sensitive_attributes": [],
          "identity_schema_version": 0,
          "private": "bnVsbA=="
        }
      ]
    },
    {
      "mode": "managed",
      "type": "aws_iam_role",
      "name": "lambda_role",
      "provider": "provider[\"registry.terraform.io/hashicorp/aws\"]",
      "instances": [
        {
          "schema_version": 0,
          "attributes": {
            "arn": "arn:aws:iam::501578625134:role/compliance-pipeline-lambda-role",
            "assume_role_policy": "{\"Statement\":[{\"Action\":\"sts:AssumeRole\",\"Effect\":\"Allow\",\"Principal\":{\"Service\":\"lambda.amazonaws.com\"}}],\"Version\":\"2012-10-17\"}",
            "create_date": "2026-04-13T18:26:38Z",
            "description": "",
            "force_detach_policies": false,
            "id": "compliance-pipeline-lambda-role",
            "inline_policy": [
              {
                "name": "compliance-pipeline-lambda-policy",
                "policy": "{\"Version\":\"2012-10-17\",\"Statement\":[{\"Action\":[\"config:PutEvaluations\",\"config:GetComplianceDetailsByResource\"],\"Effect\":\"Allow\",\"Resource\":\"*\"},{\"Action\":[\"logs:CreateLogGroup\",\"logs:CreateLogStream\",\"logs:PutLogEvents\"],\"Effect\":\"Allow\",\"Resource\":\"*\"}]}"
              }
            ],
            "managed_policy_arns": [],
            "max_session_duration": 3600,
            "name": "compliance-pipeline-lambda-role",
            "name_prefix": "",
            "path": "/",
            "permissions_boundary": "",
            "tags": {},
            "tags_all": {},
            "unique_id": "AROAXJSDKOBXBCS4L5NEN"
          },
          "sensitive_attributes": [],
          "identity_schema_version": 0,
          "private": "bnVsbA=="
        }
      ]
    },
    {
      "mode": "managed",
      "type": "aws_iam_role_policy",
      "name": "lambda_policy",
      "provider": "provider[\"registry.terraform.io/hashicorp/aws\"]",
      "instances": [
        {
          "schema_version": 0,
          "attributes": {
            "id": "compliance-pipeline-lambda-role:compliance-pipeline-lambda-policy",
            "name": "compliance-pipeline-lambda-policy",
            "name_prefix": "",
            "policy": "{\"Version\":\"2012-10-17\",\"Statement\":[{\"Action\":[\"config:PutEvaluations\",\"config:GetComplianceDetailsByResource\"],\"Effect\":\"Allow\",\"Resource\":\"*\"},{\"Action\":[\"logs:CreateLogGroup\",\"logs:CreateLogStream\",\"logs:PutLogEvents\"],\"Effect\":\"Allow\",\"Resource\":\"*\"}]}",
            "role": "compliance-pipeline-lambda-role"
          },
          "sensitive_attributes": [],
          "identity_schema_version": 0,
          "private": "bnVsbA==",
          "dependencies": [
            "aws_iam_role.lambda_role"
          ]
        }
      ]
    },
    {
      "mode": "managed",
      "type": "aws_iam_role_policy_attachment",
      "name": "config_policy",
      "provider": "provider[\"registry.terraform.io/hashicorp/aws\"]",
      "instances": [
        {
          "schema_version": 0,
          "attributes": {
            "id": "compliance-pipeline-config-role-20260413175539738400000001",
            "policy_arn": "arn:aws:iam::aws:policy/service-role/AWS_ConfigRole",
            "role": "compliance-pipeline-config-role"
          },
          "sensitive_attributes": [],
          "identity_schema_version": 0,
          "private": "bnVsbA==",
          "dependencies": [
            "aws_iam_role.config_role"
          ]
        }
      ]
    },
    {
      "mode": "managed",
      "type": "aws_lambda_function",
      "name": "compliance_evaluator",
      "provider": "provider[\"registry.terraform.io/hashicorp/aws\"]",
      "instances": [
        {
          "schema_version": 0,
          "attributes": {
            "architectures": [
              "x86_64"
            ],
            "arn": "arn:aws:lambda:us-east-1:501578625134:function:compliance-pipeline-evaluator",
            "code_sha256": "uhmGu4btiM4KSOX/15UTVaiwqfyILXRRRMIVg1fCuZA=",
            "code_signing_config_arn": "",
            "dead_letter_config": [],
            "description": "",
            "environment": [],
            "ephemeral_storage": [
              {
                "size": 512
              }
            ],
            "file_system_config": [],
            "filename": "./../config-rules/evaluate_compliance.zip",
            "function_name": "compliance-pipeline-evaluator",
            "handler": "evaluate_compliance.lambda_handler",
            "id": "compliance-pipeline-evaluator",
            "image_config": [],
            "image_uri": "",
            "invoke_arn": "arn:aws:apigateway:us-east-1:lambda:path/2015-03-31/functions/arn:aws:lambda:us-east-1:501578625134:function:compliance-pipeline-evaluator/invocations",
            "kms_key_arn": "",
            "last_modified": "2026-04-13T18:26:49.506+0000",
            "layers": [],
            "logging_config": [
              {
                "application_log_level": "",
                "log_format": "Text",
                "log_group": "/aws/lambda/compliance-pipeline-evaluator",
                "system_log_level": ""
              }
            ],
            "memory_size": 128,
            "package_type": "Zip",
            "publish": false,
            "qualified_arn": "arn:aws:lambda:us-east-1:501578625134:function:compliance-pipeline-evaluator:$LATEST",
            "qualified_invoke_arn": "arn:aws:apigateway:us-east-1:lambda:path/2015-03-31/functions/arn:aws:lambda:us-east-1:501578625134:function:compliance-pipeline-evaluator:$LATEST/invocations",
            "replace_security_groups_on_destroy": null,
            "replacement_security_group_ids": null,
            "reserved_concurrent_executions": -1,
            "role": "arn:aws:iam::501578625134:role/compliance-pipeline-lambda-role",
            "runtime": "python3.12",
            "s3_bucket": null,
            "s3_key": null,
            "s3_object_version": null,
            "signing_job_arn": "",
            "signing_profile_version_arn": "",
            "skip_destroy": false,
            "snap_start": [],
            "source_code_hash": "uhmGu4btiM4KSOX/15UTVaiwqfyILXRRRMIVg1fCuZA=",
            "source_code_size": 980,
            "tags": {
              "Environment": "dev",
              "Project": "compliance-pipeline"
            },
            "tags_all": {
              "Environment": "dev",
              "Project": "compliance-pipeline"
            },
            "timeout": 3,
            "timeouts": null,
            "tracing_config": [
              {
                "mode": "PassThrough"
              }
            ],
            "version": "$LATEST",
            "vpc_config": []
          },
          "sensitive_attributes": [],
          "identity_schema_version": 0,
          "private": "eyJlMmJmYjczMC1lY2FhLTExZTYtOGY4OC0zNDM2M2JjN2M0YzAiOnsiY3JlYXRlIjo2MDAwMDAwMDAwMDAsImRlbGV0ZSI6NjAwMDAwMDAwMDAwLCJ1cGRhdGUiOjYwMDAwMDAwMDAwMH19",
          "dependencies": [
            "aws_iam_role.lambda_role",
            "data.archive_file.lambda_zip"
          ]
        }
      ]
    },
    {
      "mode": "managed",
      "type": "aws_lambda_permission",
      "name": "config_invoke",
      "provider": "provider[\"registry.terraform.io/hashicorp/aws\"]",
      "instances": [
        {
          "schema_version": 0,
          "attributes": {
            "action": "lambda:InvokeFunction",
            "event_source_token": null,
            "function_name": "compliance-pipeline-evaluator",
            "function_url_auth_type": null,
            "id": "AllowConfigInvoke",
            "principal": "config.amazonaws.com",
            "principal_org_id": null,
            "qualifier": "",
            "source_account": null,
            "source_arn": null,
            "statement_id": "AllowConfigInvoke",
            "statement_id_prefix": ""
          },
          "sensitive_attributes": [],
          "identity_schema_version": 0,
          "private": "bnVsbA==",
          "dependencies": [
            "aws_iam_role.lambda_role",
            "aws_lambda_function.compliance_evaluator",
            "data.archive_file.lambda_zip"
          ]
        }
      ]
    },
    {
      "mode": "managed",
      "type": "aws_s3_bucket",
      "name": "config_bucket",
      "provider": "provider[\"registry.terraform.io/hashicorp/aws\"]",
      "instances": [
        {
          "schema_version": 0,
          "attributes": {
            "acceleration_status": "",
            "acl": null,
            "arn": "arn:aws:s3:::compliance-pipeline-config-501578625134",
            "bucket": "compliance-pipeline-config-501578625134",
            "bucket_domain_name": "compliance-pipeline-config-501578625134.s3.amazonaws.com",
            "bucket_prefix": "",
            "bucket_regional_domain_name": "compliance-pipeline-config-501578625134.s3.us-east-1.amazonaws.com",
            "cors_rule": [],
            "force_destroy": true,
            "grant": [
              {
                "id": "7d363d4294bf925c95470dfb753c140dad3a1be4f6bd6040e398a31d8ff7fb8e",
                "permissions": [
                  "FULL_CONTROL"
                ],
                "type": "CanonicalUser",
                "uri": ""
              }
            ],
            "hosted_zone_id": "Z3AQBSTGFYJSTF",
            "id": "compliance-pipeline-config-501578625134",
            "lifecycle_rule": [],
            "logging": [],
            "object_lock_configuration": [],
            "object_lock_enabled": false,
            "policy": "",
            "region": "us-east-1",
            "replication_configuration": [],
            "request_payer": "BucketOwner",
            "server_side_encryption_configuration": [
              {
                "rule": [
                  {
                    "apply_server_side_encryption_by_default": [
                      {
                        "kms_master_key_id": "",
                        "sse_algorithm": "AES256"
                      }
                    ],
                    "bucket_key_enabled": false
                  }
                ]
              }
            ],
            "tags": {
              "Environment": "dev",
              "Project": "compliance-pipeline"
            },
            "tags_all": {
              "Environment": "dev",
              "Project": "compliance-pipeline"
            },
            "timeouts": null,
            "versioning": [
              {
                "enabled": false,
                "mfa_delete": false
              }
            ],
            "website": [],
            "website_domain": null,
            "website_endpoint": null
          },
          "sensitive_attributes": [],
          "identity_schema_version": 0,
          "private": "eyJlMmJmYjczMC1lY2FhLTExZTYtOGY4OC0zNDM2M2JjN2M0YzAiOnsiY3JlYXRlIjoxMjAwMDAwMDAwMDAwLCJkZWxldGUiOjM2MDAwMDAwMDAwMDAsInJlYWQiOjEyMDAwMDAwMDAwMDAsInVwZGF0ZSI6MTIwMDAwMDAwMDAwMH19"
        }
      ]
    },
    {
      "mode": "managed",
      "type": "aws_s3_bucket_policy",
      "name": "config_bucket_policy",
      "provider": "provider[\"registry.terraform.io/hashicorp/aws\"]",
      "instances": [
        {
          "schema_version": 0,
          "attributes": {
            "bucket": "compliance-pipeline-config-501578625134",
            "id": "compliance-pipeline-config-501578625134",
            "policy": "{\"Statement\":[{\"Action\":\"s3:GetBucketAcl\",\"Effect\":\"Allow\",\"Principal\":{\"Service\":\"config.amazonaws.com\"},\"Resource\":\"arn:aws:s3:::compliance-pipeline-config-501578625134\",\"Sid\":\"AWSConfigBucketPermissionsCheck\"},{\"Action\":\"s3:PutObject\",\"Condition\":{\"StringEquals\":{\"s3:x-amz-acl\":\"bucket-owner-full-control\"}},\"Effect\":\"Allow\",\"Principal\":{\"Service\":\"config.amazonaws.com\"},\"Resource\":\"arn:aws:s3:::compliance-pipeline-config-501578625134/AWSLogs/501578625134/Config/*\",\"Sid\":\"AWSConfigBucketDelivery\"}],\"Version\":\"2012-10-17\"}"
          },
          "sensitive_attributes": [],
          "identity_schema_version": 0,
          "private": "bnVsbA==",
          "dependencies": [
            "aws_s3_bucket.config_bucket"
          ]
        }
      ]
    },
    {
      "mode": "managed",
      "type": "aws_sns_topic",
      "name": "alerts",
      "provider": "provider[\"registry.terraform.io/hashicorp/aws\"]",
      "instances": [
        {
          "schema_version": 0,
          "attributes": {
            "application_failure_feedback_role_arn": "",
            "application_success_feedback_role_arn": "",
            "application_success_feedback_sample_rate": 0,
            "archive_policy": "",
            "arn": "arn:aws:sns:us-east-1:501578625134:compliance-pipeline-alerts",
            "beginning_archive_time": "",
            "content_based_deduplication": false,
            "delivery_policy": "",
            "display_name": "",
            "fifo_throughput_scope": "",
            "fifo_topic": false,
            "firehose_failure_feedback_role_arn": "",
            "firehose_success_feedback_role_arn": "",
            "firehose_success_feedback_sample_rate": 0,
            "http_failure_feedback_role_arn": "",
            "http_success_feedback_role_arn": "",
            "http_success_feedback_sample_rate": 0,
            "id": "arn:aws:sns:us-east-1:501578625134:compliance-pipeline-alerts",
            "kms_master_key_id": "",
            "lambda_failure_feedback_role_arn": "",
            "lambda_success_feedback_role_arn": "",
            "lambda_success_feedback_sample_rate": 0,
            "name": "compliance-pipeline-alerts",
            "name_prefix": "",
            "owner": "501578625134",
            "policy": "{\"Id\":\"__default_policy_ID\",\"Statement\":[{\"Action\":[\"SNS:GetTopicAttributes\",\"SNS:SetTopicAttributes\",\"SNS:AddPermission\",\"SNS:RemovePermission\",\"SNS:DeleteTopic\",\"SNS:Subscribe\",\"SNS:ListSubscriptionsByTopic\",\"SNS:Publish\"],\"Condition\":{\"StringEquals\":{\"AWS:SourceOwner\":\"501578625134\"}},\"Effect\":\"Allow\",\"Principal\":{\"AWS\":\"*\"},\"Resource\":\"arn:aws:sns:us-east-1:501578625134:compliance-pipeline-alerts\",\"Sid\":\"__default_statement_ID\"}],\"Version\":\"2008-10-17\"}",
            "signature_version": 0,
            "sqs_failure_feedback_role_arn": "",
            "sqs_success_feedback_role_arn": "",
            "sqs_success_feedback_sample_rate": 0,
            "tags": {},
            "tags_all": {},
            "tracing_config": ""
          },
          "sensitive_attributes": [],
          "identity_schema_version": 0,
          "private": "bnVsbA=="
        }
      ]
    },
    {
      "mode": "managed",
      "type": "aws_sns_topic_subscription",
      "name": "email",
      "provider": "provider[\"registry.terraform.io/hashicorp/aws\"]",
      "instances": [
        {
          "schema_version": 0,
          "attributes": {
            "arn": "arn:aws:sns:us-east-1:501578625134:compliance-pipeline-alerts:320af5fd-5a3f-4c72-a77a-b9994e40b06e",
            "confirmation_timeout_in_minutes": 1,
            "confirmation_was_authenticated": false,
            "delivery_policy": "",
            "endpoint": "bestinvarghese110403@gmail.com",
            "endpoint_auto_confirms": false,
            "filter_policy": "",
            "filter_policy_scope": "",
            "id": "arn:aws:sns:us-east-1:501578625134:compliance-pipeline-alerts:320af5fd-5a3f-4c72-a77a-b9994e40b06e",
            "owner_id": "501578625134",
            "pending_confirmation": true,
            "protocol": "email",
            "raw_message_delivery": false,
            "redrive_policy": "",
            "replay_policy": "",
            "subscription_role_arn": "",
            "topic_arn": "arn:aws:sns:us-east-1:501578625134:compliance-pipeline-alerts"
          },
          "sensitive_attributes": [],
          "identity_schema_version": 0,
          "private": "bnVsbA==",
          "dependencies": [
            "aws_sns_topic.alerts"
          ]
        }
      ]
    }
  ],
  "check_results": null
}
